
Microsoft Visual Studio Solution File, Format Version 10.00
# Visual Studio 2008
Project("{FAE04EC0-301F-11D3-BF4B-00C04F79EFBC}") = "TntMPDConverter", "TntMPDConverter.csproj", "{04D1C312-DF0A-4D76-8E6D-4015FBDBD936}"
EndProject
Project("{FAE04EC0-301F-11D3-BF4B-00C04F79EFBC}") = "TntMPDConverterTests", "TntMPDConverterTests\TntMPDConverterTests.csproj", "{235BDC35-59B8-4FFB-9F16-12638DABA5FE}"
EndProject
Project("{2150E333-8FDC-42A3-9474-1A3956D46DE8}") = "Solution Items", "Solution Items", "{80D5CD32-17EC-462E-BFD6-3AE011D169BF}"
	ProjectSection(SolutionItems) = preProject
		released\changelog.txt = released\changelog.txt
		released\readme.txt = released\readme.txt
		released\replace.config.sample = released\replace.config.sample
	EndProjectSection
EndProject
Global
	GlobalSection(SolutionConfigurationPlatforms) = preSolution
		Debug|Any CPU = Debug|Any CPU
		Release|Any CPU = Release|Any CPU
	EndGlobalSection
	GlobalSection(ProjectConfigurationPlatforms) = postSolution
		{04D1C312-DF0A-4D76-8E6D-4015FBDBD936}.Debug|Any CPU.ActiveCfg = Debug|Any CPU
		{04D1C312-DF0A-4D76-8E6D-4015FBDBD936}.Debug|Any CPU.Build.0 = Debug|Any CPU
		{04D1C312-DF0A-4D76-8E6D-4015FBDBD936}.Release|Any CPU.ActiveCfg = Release|Any CPU
		{04D1C312-DF0A-4D76-8E6D-4015FBDBD936}.Release|Any CPU.Build.0 = Release|Any CPU
		{235BDC35-59B8-4FFB-9F16-12638DABA5FE}.Debug|Any CPU.ActiveCfg = Debug|Any CPU
		{235BDC35-59B8-4FFB-9F16-12638DABA5FE}.Debug|Any CPU.Build.0 = Debug|Any CPU
		{235BDC35-59B8-4FFB-9F16-12638DABA5FE}.Release|Any CPU.ActiveCfg = Release|Any CPU
		{235BDC35-59B8-4FFB-9F16-12638DABA5FE}.Release|Any CPU.Build.0 = Release|Any CPU
	EndGlobalSection
	GlobalSection(NestedProjects) = preSolution
	EndGlobalSection
	GlobalSection(MonoDevelopProperties) = preSolution
		StartupItem = TntMPDConverter.csproj
	EndGlobalSection
	GlobalSection(SolutionProperties) = preSolution
		HideSolutionNode = FALSE
	EndGlobalSection
EndGlobal
